{
  "requires": true,
  "lockfileVersion": 1,
  "dependencies": {
    "epiresponsivepicture-react": {
      "version": "0.0.1",
      "resolved": "https://registry.npmjs.org/epiresponsivepicture-react/-/epiresponsivepicture-react-0.0.1.tgz",
      "integrity": "sha512-xgVAdiIIeLWGGZOI6jsy0gX5smwSpkr6UX5oeHV5nnFhqqe+WaSGmgXFr1f1r0qNx2JYIWfzL/yy+DU8lZxdgQ=="
    }
  }
}
